
Microsoft Visual Studio Solution File, Format Version 12.00
# Visual Studio Version 17
VisualStudioVersion = 17.9.34728.123
MinimumVisualStudioVersion = 10.0.40219.1
Project("{FAE04EC0-301F-11D3-BF4B-00C04F79EFBC}") = "Project2_323", "Project2_323.csproj", "{1F80BB60-28AF-4944-8E99-DA0CDB12E882}"
EndProject
Global
	GlobalSection(SolutionConfigurationPlatforms) = preSolution
		Debug|Any CPU = Debug|Any CPU
		Release|Any CPU = Release|Any CPU
	EndGlobalSection
	GlobalSection(ProjectConfigurationPlatforms) = postSolution
		{1F80BB60-28AF-4944-8E99-DA0CDB12E882}.Debug|Any CPU.ActiveCfg = Debug|Any CPU
		{1F80BB60-28AF-4944-8E99-DA0CDB12E882}.Debug|Any CPU.Build.0 = Debug|Any CPU
		{1F80BB60-28AF-4944-8E99-DA0CDB12E882}.Release|Any CPU.ActiveCfg = Release|Any CPU
		{1F80BB60-28AF-4944-8E99-DA0CDB12E882}.Release|Any CPU.Build.0 = Release|Any CPU
	EndGlobalSection
	GlobalSection(SolutionProperties) = preSolution
		HideSolutionNode = FALSE
	EndGlobalSection
	GlobalSection(ExtensibilityGlobals) = postSolution
		SolutionGuid = {241E5799-E81B-4987-8279-A30ECF1830E1}
	EndGlobalSection
EndGlobal
